{
  "name": "common-kune-server",
  "version": "0.0.1",
  "lockfileVersion": 2,
  "requires": true,
  "packages": {
    "": {
      "name": "common-kune-server",
      "version": "0.0.1",
      "license": "ISC"
    },
    "../../dist/kuneServer": {
      "name": "@kune/server",
      "version": "0.0.1",
      "extraneous": true,
      "license": "ISC",
      "dependencies": {
        "ws": "^8.8.0"
      }
    }
  }
}
